
Microsoft Visual Studio Solution File, Format Version 12.00
# Visual Studio Version 16
VisualStudioVersion = 16.0.31321.278
MinimumVisualStudioVersion = 10.0.40219.1
Project("{FAE04EC0-301F-11D3-BF4B-00C04F79EFBC}") = "ExpenseIt", "ExpenseIt\ExpenseIt.csproj", "{21FEDAFC-ACEA-4C0F-9F87-563B00C35C64}"
EndProject
Global
	GlobalSection(SolutionConfigurationPlatforms) = preSolution
		Debug|Any CPU = Debug|Any CPU
		Release|Any CPU = Release|Any CPU
	EndGlobalSection
	GlobalSection(ProjectConfigurationPlatforms) = postSolution
		{21FEDAFC-ACEA-4C0F-9F87-563B00C35C64}.Debug|Any CPU.ActiveCfg = Debug|Any CPU
		{21FEDAFC-ACEA-4C0F-9F87-563B00C35C64}.Debug|Any CPU.Build.0 = Debug|Any CPU
		{21FEDAFC-ACEA-4C0F-9F87-563B00C35C64}.Release|Any CPU.ActiveCfg = Release|Any CPU
		{21FEDAFC-ACEA-4C0F-9F87-563B00C35C64}.Release|Any CPU.Build.0 = Release|Any CPU
	EndGlobalSection
	GlobalSection(SolutionProperties) = preSolution
		HideSolutionNode = FALSE
	EndGlobalSection
	GlobalSection(ExtensibilityGlobals) = postSolution
		SolutionGuid = {53684E63-187A-4CC2-B99E-B47E12F52AD9}
	EndGlobalSection
EndGlobal
